
Microsoft Visual Studio Solution File, Format Version 12.00
# Visual Studio Version 16
VisualStudioVersion = 16.0.30114.105
MinimumVisualStudioVersion = 10.0.40219.1
Project("{FAE04EC0-301F-11D3-BF4B-00C04F79EFBC}") = "GUI", "GUI\GUI.csproj", "{541C3CF6-85B6-4451-B734-D05EE246443B}"
EndProject
Project("{FAE04EC0-301F-11D3-BF4B-00C04F79EFBC}") = "DAL", "DAL\DAL.csproj", "{4DA47C9B-B23A-4CE6-A3BB-4C919C311E50}"
EndProject
Project("{FAE04EC0-301F-11D3-BF4B-00C04F79EFBC}") = "BUS", "BUS\BUS.csproj", "{F2759D07-CFEA-4DB8-BBEB-A95F1E9A4389}"
EndProject
Global
	GlobalSection(SolutionConfigurationPlatforms) = preSolution
		Debug|Any CPU = Debug|Any CPU
		Release|Any CPU = Release|Any CPU
	EndGlobalSection
	GlobalSection(ProjectConfigurationPlatforms) = postSolution
		{541C3CF6-85B6-4451-B734-D05EE246443B}.Debug|Any CPU.ActiveCfg = Debug|Any CPU
		{541C3CF6-85B6-4451-B734-D05EE246443B}.Debug|Any CPU.Build.0 = Debug|Any CPU
		{541C3CF6-85B6-4451-B734-D05EE246443B}.Release|Any CPU.ActiveCfg = Release|Any CPU
		{541C3CF6-85B6-4451-B734-D05EE246443B}.Release|Any CPU.Build.0 = Release|Any CPU
		{4DA47C9B-B23A-4CE6-A3BB-4C919C311E50}.Debug|Any CPU.ActiveCfg = Debug|Any CPU
		{4DA47C9B-B23A-4CE6-A3BB-4C919C311E50}.Debug|Any CPU.Build.0 = Debug|Any CPU
		{4DA47C9B-B23A-4CE6-A3BB-4C919C311E50}.Release|Any CPU.ActiveCfg = Release|Any CPU
		{4DA47C9B-B23A-4CE6-A3BB-4C919C311E50}.Release|Any CPU.Build.0 = Release|Any CPU
		{F2759D07-CFEA-4DB8-BBEB-A95F1E9A4389}.Debug|Any CPU.ActiveCfg = Debug|Any CPU
		{F2759D07-CFEA-4DB8-BBEB-A95F1E9A4389}.Debug|Any CPU.Build.0 = Debug|Any CPU
		{F2759D07-CFEA-4DB8-BBEB-A95F1E9A4389}.Release|Any CPU.ActiveCfg = Release|Any CPU
		{F2759D07-CFEA-4DB8-BBEB-A95F1E9A4389}.Release|Any CPU.Build.0 = Release|Any CPU
	EndGlobalSection
	GlobalSection(SolutionProperties) = preSolution
		HideSolutionNode = FALSE
	EndGlobalSection
	GlobalSection(ExtensibilityGlobals) = postSolution
		SolutionGuid = {B3DD6F72-DCB4-473B-AD57-D76EE22FE95B}
	EndGlobalSection
EndGlobal
